
Microsoft Visual Studio Solution File, Format Version 12.00
# Visual Studio Version 16
VisualStudioVersion = 16.0.31025.194
MinimumVisualStudioVersion = 10.0.40219.1
Project("{FAE04EC0-301F-11D3-BF4B-00C04F79EFBC}") = "University", "University.csproj", "{20EC00CB-6A68-4830-ADD1-762F44C71B32}"
EndProject
Global
	GlobalSection(SolutionConfigurationPlatforms) = preSolution
		Debug|Any CPU = Debug|Any CPU
		Release|Any CPU = Release|Any CPU
	EndGlobalSection
	GlobalSection(ProjectConfigurationPlatforms) = postSolution
		{20EC00CB-6A68-4830-ADD1-762F44C71B32}.Debug|Any CPU.ActiveCfg = Debug|Any CPU
		{20EC00CB-6A68-4830-ADD1-762F44C71B32}.Debug|Any CPU.Build.0 = Debug|Any CPU
		{20EC00CB-6A68-4830-ADD1-762F44C71B32}.Release|Any CPU.ActiveCfg = Release|Any CPU
		{20EC00CB-6A68-4830-ADD1-762F44C71B32}.Release|Any CPU.Build.0 = Release|Any CPU
	EndGlobalSection
	GlobalSection(SolutionProperties) = preSolution
		HideSolutionNode = FALSE
	EndGlobalSection
	GlobalSection(ExtensibilityGlobals) = postSolution
		SolutionGuid = {D70D1D3C-F922-4091-9EFF-8B7C193DEA58}
	EndGlobalSection
EndGlobal
